// !$*UTF8*$!
{
	archiveVersion = 1;
	classes = {
	};
	objectVersion = 56;
	objects = {

/* Begin PBXBuildFile section */
		1A414DF587780BA6BB19E93E /* Foundation.framework in Frameworks */ = {isa = PBXBuildFile; fileRef = AA52A9A6B0240B6859F49AEC /* Foundation.framework */; };
		3DA3E8459EE68339AF3F2A63 /* FitTrackWatchApp.swift in Sources */ = {isa = PBXBuildFile; fileRef = 40F0807AFAE78D702353BD1B /* FitTrackWatchApp.swift */; };
		5E496BA42E9AB4B2ECD88484 /* WatchHeartRateService.swift in Sources */ = {isa = PBXBuildFile; fileRef = B94CAD621080897A232B7230 /* WatchHeartRateService.swift */; };
		69B448E53E2E01493B6767E7 /* Assets.xcassets in Resources */ = {isa = PBXBuildFile; fileRef = 3C946087B78751B8870890B4 /* Assets.xcassets */; };
		7836344C2451134116929FF4 /* FitTrack Watch App.app in Embed Watch Content */ = {isa = PBXBuildFile; fileRef = FFA64365D10993F43A4738C5 /* FitTrack Watch App.app */; settings = {ATTRIBUTES = (RemoveHeadersOnCopy, ); }; };
		A10000000000000000000001 /* FitTrackApp.swift in Sources */ = {isa = PBXBuildFile; fileRef = A20000000000000000000001 /* FitTrackApp.swift */; };
		MIGR100000000000000000001 /* FitTrackMigrationPlan.swift in Sources */ = {isa = PBXBuildFile; fileRef = MIGR200000000000000000001 /* FitTrackMigrationPlan.swift */; };
		A10000000000000000000002 /* ContentView.swift in Sources */ = {isa = PBXBuildFile; fileRef = A20000000000000000000002 /* ContentView.swift */; };
		A10000000000000000000003 /* DataController.swift in Sources */ = {isa = PBXBuildFile; fileRef = A20000000000000000000003 /* DataController.swift */; };
		A10000000000000000000004 /* DiaryEntry.swift in Sources */ = {isa = PBXBuildFile; fileRef = A20000000000000000000004 /* DiaryEntry.swift */; };
		A10000000000000000000005 /* Exercise.swift in Sources */ = {isa = PBXBuildFile; fileRef = A20000000000000000000005 /* Exercise.swift */; };
		A10000000000000000000006 /* Food.swift in Sources */ = {isa = PBXBuildFile; fileRef = A20000000000000000000006 /* Food.swift */; };
		A10000000000000000000007 /* UserProfile.swift in Sources */ = {isa = PBXBuildFile; fileRef = A20000000000000000000007 /* UserProfile.swift */; };
		A10000000000000000000008 /* Workout.swift in Sources */ = {isa = PBXBuildFile; fileRef = A20000000000000000000008 /* Workout.swift */; };
		A10000000000000000000009 /* WorkoutSet.swift in Sources */ = {isa = PBXBuildFile; fileRef = A20000000000000000000009 /* WorkoutSet.swift */; };
		A1000000000000000000000A /* Extensions.swift in Sources */ = {isa = PBXBuildFile; fileRef = A2000000000000000000000A /* Extensions.swift */; };
		A1000000000000000000000B /* MacroCalculator.swift in Sources */ = {isa = PBXBuildFile; fileRef = A2000000000000000000000B /* MacroCalculator.swift */; };
		A1000000000000000000000C /* SeedData.swift in Sources */ = {isa = PBXBuildFile; fileRef = A2000000000000000000000C /* SeedData.swift */; };
		A1000000000000000000000D /* DashboardViewModel.swift in Sources */ = {isa = PBXBuildFile; fileRef = A2000000000000000000000D /* DashboardViewModel.swift */; };
		A1000000000000000000000E /* DiaryViewModel.swift in Sources */ = {isa = PBXBuildFile; fileRef = A2000000000000000000000E /* DiaryViewModel.swift */; };
		A1000000000000000000000F /* MacrosViewModel.swift in Sources */ = {isa = PBXBuildFile; fileRef = A2000000000000000000000F /* MacrosViewModel.swift */; };
		A10000000000000000000010 /* WorkoutViewModel.swift in Sources */ = {isa = PBXBuildFile; fileRef = A20000000000000000000010 /* WorkoutViewModel.swift */; };
		A10000000000000000000011 /* MacroProgressBar.swift in Sources */ = {isa = PBXBuildFile; fileRef = A20000000000000000000011 /* MacroProgressBar.swift */; };
		A10000000000000000000012 /* MacroRing.swift in Sources */ = {isa = PBXBuildFile; fileRef = A20000000000000000000012 /* MacroRing.swift */; };
		A10000000000000000000013 /* StatCard.swift in Sources */ = {isa = PBXBuildFile; fileRef = A20000000000000000000013 /* StatCard.swift */; };
		A10000000000000000000014 /* DashboardView.swift in Sources */ = {isa = PBXBuildFile; fileRef = A20000000000000000000014 /* DashboardView.swift */; };
		A10000000000000000000015 /* RecentWorkoutsCard.swift in Sources */ = {isa = PBXBuildFile; fileRef = A20000000000000000000015 /* RecentWorkoutsCard.swift */; };
		A10000000000000000000016 /* DiaryView.swift in Sources */ = {isa = PBXBuildFile; fileRef = A20000000000000000000016 /* DiaryView.swift */; };
		A10000000000000000000017 /* FoodSearchView.swift in Sources */ = {isa = PBXBuildFile; fileRef = A20000000000000000000017 /* FoodSearchView.swift */; };
		A10000000000000000000018 /* MealSectionView.swift in Sources */ = {isa = PBXBuildFile; fileRef = A20000000000000000000018 /* MealSectionView.swift */; };
		A10000000000000000000019 /* BodyStatsForm.swift in Sources */ = {isa = PBXBuildFile; fileRef = A20000000000000000000019 /* BodyStatsForm.swift */; };
		A1000000000000000000001A /* GoalSelectorView.swift in Sources */ = {isa = PBXBuildFile; fileRef = A2000000000000000000001A /* GoalSelectorView.swift */; };
		A1000000000000000000001B /* MacroTargetsView.swift in Sources */ = {isa = PBXBuildFile; fileRef = A2000000000000000000001B /* MacroTargetsView.swift */; };
		A1000000000000000000001C /* MacrosView.swift in Sources */ = {isa = PBXBuildFile; fileRef = A2000000000000000000001C /* MacrosView.swift */; };
		A1000000000000000000001D /* ExercisePickerView.swift in Sources */ = {isa = PBXBuildFile; fileRef = A2000000000000000000001D /* ExercisePickerView.swift */; };
		A1000000000000000000001E /* LogWorkoutView.swift in Sources */ = {isa = PBXBuildFile; fileRef = A2000000000000000000001E /* LogWorkoutView.swift */; };
		MWV100000000000000000001 /* ManualWorkoutView.swift in Sources */ = {isa = PBXBuildFile; fileRef = MWV200000000000000000001 /* ManualWorkoutView.swift */; };
		A1000000000000000000001F /* ProgressChartView.swift in Sources */ = {isa = PBXBuildFile; fileRef = A2000000000000000000001F /* ProgressChartView.swift */; };
		A10000000000000000000020 /* SetRowView.swift in Sources */ = {isa = PBXBuildFile; fileRef = A20000000000000000000020 /* SetRowView.swift */; };
		A10000000000000000000021 /* WorkoutDetailView.swift in Sources */ = {isa = PBXBuildFile; fileRef = A20000000000000000000021 /* WorkoutDetailView.swift */; };
		A10000000000000000000022 /* WorkoutListView.swift in Sources */ = {isa = PBXBuildFile; fileRef = A20000000000000000000022 /* WorkoutListView.swift */; };
		A1000000000000000000009A /* Assets.xcassets in Resources */ = {isa = PBXBuildFile; fileRef = A2000000000000000000009A /* Assets.xcassets */; };
		ALT0000000000000000000002 /* AppIcon-ocean.png in Resources */ = {isa = PBXBuildFile; fileRef = ALT0000000000000000000001 /* AppIcon-ocean.png */; };
		ALT0000000000000000000012 /* AppIcon-ocean@2x.png in Resources */ = {isa = PBXBuildFile; fileRef = ALT0000000000000000000011 /* AppIcon-ocean@2x.png */; };
		ALT0000000000000000000022 /* AppIcon-ocean@3x.png in Resources */ = {isa = PBXBuildFile; fileRef = ALT0000000000000000000021 /* AppIcon-ocean@3x.png */; };
		ALT0000000000000000000032 /* AppIcon-midnight.png in Resources */ = {isa = PBXBuildFile; fileRef = ALT0000000000000000000031 /* AppIcon-midnight.png */; };
		ALT0000000000000000000042 /* AppIcon-midnight@2x.png in Resources */ = {isa = PBXBuildFile; fileRef = ALT0000000000000000000041 /* AppIcon-midnight@2x.png */; };
		ALT0000000000000000000052 /* AppIcon-midnight@3x.png in Resources */ = {isa = PBXBuildFile; fileRef = ALT0000000000000000000051 /* AppIcon-midnight@3x.png */; };
		ALT0000000000000000000062 /* AppIcon-ember.png in Resources */ = {isa = PBXBuildFile; fileRef = ALT0000000000000000000061 /* AppIcon-ember.png */; };
		ALT0000000000000000000072 /* AppIcon-ember@2x.png in Resources */ = {isa = PBXBuildFile; fileRef = ALT0000000000000000000071 /* AppIcon-ember@2x.png */; };
		ALT0000000000000000000082 /* AppIcon-ember@3x.png in Resources */ = {isa = PBXBuildFile; fileRef = ALT0000000000000000000081 /* AppIcon-ember@3x.png */; };
		ALT0000000000000000000092 /* AppIcon-slate.png in Resources */ = {isa = PBXBuildFile; fileRef = ALT0000000000000000000091 /* AppIcon-slate.png */; };
		ALT0000000000000000000102 /* AppIcon-slate@2x.png in Resources */ = {isa = PBXBuildFile; fileRef = ALT0000000000000000000101 /* AppIcon-slate@2x.png */; };
		ALT0000000000000000000112 /* AppIcon-slate@3x.png in Resources */ = {isa = PBXBuildFile; fileRef = ALT0000000000000000000111 /* AppIcon-slate@3x.png */; };
		ALT0000000000000000001002 /* AppIcon-ocean-iPad.png in Resources */ = {isa = PBXBuildFile; fileRef = ALT0000000000000000001001 /* AppIcon-ocean-iPad.png */; };
		ALT0000000000000000001012 /* AppIcon-ocean-iPad@2x.png in Resources */ = {isa = PBXBuildFile; fileRef = ALT0000000000000000001011 /* AppIcon-ocean-iPad@2x.png */; };
		ALT0000000000000000001022 /* AppIcon-ocean-iPad-167.png in Resources */ = {isa = PBXBuildFile; fileRef = ALT0000000000000000001021 /* AppIcon-ocean-iPad-167.png */; };
		ALT0000000000000000001032 /* AppIcon-midnight-iPad.png in Resources */ = {isa = PBXBuildFile; fileRef = ALT0000000000000000001031 /* AppIcon-midnight-iPad.png */; };
		ALT0000000000000000001042 /* AppIcon-midnight-iPad@2x.png in Resources */ = {isa = PBXBuildFile; fileRef = ALT0000000000000000001041 /* AppIcon-midnight-iPad@2x.png */; };
		ALT0000000000000000001052 /* AppIcon-midnight-iPad-167.png in Resources */ = {isa = PBXBuildFile; fileRef = ALT0000000000000000001051 /* AppIcon-midnight-iPad-167.png */; };
		ALT0000000000000000001062 /* AppIcon-ember-iPad.png in Resources */ = {isa = PBXBuildFile; fileRef = ALT0000000000000000001061 /* AppIcon-ember-iPad.png */; };
		ALT0000000000000000001072 /* AppIcon-ember-iPad@2x.png in Resources */ = {isa = PBXBuildFile; fileRef = ALT0000000000000000001071 /* AppIcon-ember-iPad@2x.png */; };
		ALT0000000000000000001082 /* AppIcon-ember-iPad-167.png in Resources */ = {isa = PBXBuildFile; fileRef = ALT0000000000000000001081 /* AppIcon-ember-iPad-167.png */; };
		ALT0000000000000000001092 /* AppIcon-slate-iPad.png in Resources */ = {isa = PBXBuildFile; fileRef = ALT0000000000000000001091 /* AppIcon-slate-iPad.png */; };
		ALT0000000000000000001102 /* AppIcon-slate-iPad@2x.png in Resources */ = {isa = PBXBuildFile; fileRef = ALT0000000000000000001101 /* AppIcon-slate-iPad@2x.png */; };
		ALT0000000000000000001112 /* AppIcon-slate-iPad-167.png in Resources */ = {isa = PBXBuildFile; fileRef = ALT0000000000000000001111 /* AppIcon-slate-iPad-167.png */; };
		PRIV100000000000000000001 /* PrivacyInfo.xcprivacy in Resources */ = {isa = PBXBuildFile; fileRef = PRIV200000000000000000001 /* PrivacyInfo.xcprivacy */; };
		B267CBA7DAFCBFFA4641AFB5 /* WatchContentView.swift in Sources */ = {isa = PBXBuildFile; fileRef = 386ACDE9B9AE78D3BE830989 /* WatchContentView.swift */; };
		C10000000000000000000001 /* Habit.swift in Sources */ = {isa = PBXBuildFile; fileRef = C20000000000000000000001 /* Habit.swift */; };
		C10000000000000000000002 /* HabitCompletion.swift in Sources */ = {isa = PBXBuildFile; fileRef = C20000000000000000000002 /* HabitCompletion.swift */; };
		C10000000000000000000003 /* WeightEntry.swift in Sources */ = {isa = PBXBuildFile; fileRef = C20000000000000000000003 /* WeightEntry.swift */; };
		DD000000000000A2 /* HabitDetailView.swift in Sources */ = {isa = PBXBuildFile; fileRef = DD000000000000A1 /* HabitDetailView.swift */; };
		C10000000000000000000004 /* HabitsView.swift in Sources */ = {isa = PBXBuildFile; fileRef = C20000000000000000000004 /* HabitsView.swift */; };
		C10000000000000000000005 /* WeightTrackingView.swift in Sources */ = {isa = PBXBuildFile; fileRef = C20000000000000000000005 /* WeightTrackingView.swift */; };
		C10000000000000000000006 /* HealthKitManager.swift in Sources */ = {isa = PBXBuildFile; fileRef = C20000000000000000000006 /* HealthKitManager.swift */; };
		D00000000000000000000001 /* FoodAPIService.swift in Sources */ = {isa = PBXBuildFile; fileRef = D10000000000000000000001 /* FoodAPIService.swift */; };
		E10000000000000000000001 /* HeartRateView.swift in Sources */ = {isa = PBXBuildFile; fileRef = E20000000000000000000001 /* HeartRateView.swift */; };
		F10000000000000000000001 /* HeartRateService.swift in Sources */ = {isa = PBXBuildFile; fileRef = F20000000000000000000001 /* HeartRateService.swift */; };
		F10000000000000000000002 /* WorkoutHeartRateCard.swift in Sources */ = {isa = PBXBuildFile; fileRef = F20000000000000000000002 /* WorkoutHeartRateCard.swift */; };
		G10000000000000000000001 /* JournalEntry.swift in Sources */ = {isa = PBXBuildFile; fileRef = G20000000000000000000001 /* JournalEntry.swift */; };
		G10000000000000000000002 /* JournalView.swift in Sources */ = {isa = PBXBuildFile; fileRef = G20000000000000000000002 /* JournalView.swift */; };
		G10000000000000000000003 /* SettingsView.swift in Sources */ = {isa = PBXBuildFile; fileRef = G20000000000000000000003 /* SettingsView.swift */; };
		H10000000000000000000001 /* RestTimerView.swift in Sources */ = {isa = PBXBuildFile; fileRef = H20000000000000000000001 /* RestTimerView.swift */; };
		H10000000000000000000002 /* WorkoutTemplate.swift in Sources */ = {isa = PBXBuildFile; fileRef = H20000000000000000000002 /* WorkoutTemplate.swift */; };
		H10000000000000000000003 /* TemplateExercise.swift in Sources */ = {isa = PBXBuildFile; fileRef = H20000000000000000000003 /* TemplateExercise.swift */; };
		H10000000000000000000004 /* TemplateListView.swift in Sources */ = {isa = PBXBuildFile; fileRef = H20000000000000000000004 /* TemplateListView.swift */; };
		H10000000000000000000005 /* SaveTemplateSheet.swift in Sources */ = {isa = PBXBuildFile; fileRef = H20000000000000000000005 /* SaveTemplateSheet.swift */; };
		H10000000000000000000006 /* PRService.swift in Sources */ = {isa = PBXBuildFile; fileRef = H20000000000000000000006 /* PRService.swift */; };
		H10000000000000000000007 /* PRBadgeView.swift in Sources */ = {isa = PBXBuildFile; fileRef = H20000000000000000000007 /* PRBadgeView.swift */; };
		H10000000000000000000008 /* BodyMeasurement.swift in Sources */ = {isa = PBXBuildFile; fileRef = H20000000000000000000008 /* BodyMeasurement.swift */; };
		H10000000000000000000009 /* BodyMeasurementsView.swift in Sources */ = {isa = PBXBuildFile; fileRef = H20000000000000000000009 /* BodyMeasurementsView.swift */; };
		H10000000000000000000010 /* WeeklySummaryView.swift in Sources */ = {isa = PBXBuildFile; fileRef = H20000000000000000000010 /* WeeklySummaryView.swift */; };
		H10000000000000000000011 /* NotificationService.swift in Sources */ = {isa = PBXBuildFile; fileRef = H20000000000000000000011 /* NotificationService.swift */; };
		H10000000000000000000012 /* NotificationSettingsView.swift in Sources */ = {isa = PBXBuildFile; fileRef = H20000000000000000000012 /* NotificationSettingsView.swift */; };
		H10000000000000000000013 /* BarcodeScannerView.swift in Sources */ = {isa = PBXBuildFile; fileRef = H20000000000000000000013 /* BarcodeScannerView.swift */; };
		H10000000000000000000014 /* DataExportService.swift in Sources */ = {isa = PBXBuildFile; fileRef = H20000000000000000000014 /* DataExportService.swift */; };
		H10000000000000000000015 /* DataExportView.swift in Sources */ = {isa = PBXBuildFile; fileRef = H20000000000000000000015 /* DataExportView.swift */; };
		I10000000000000000000001 /* FoodFavorite.swift in Sources */ = {isa = PBXBuildFile; fileRef = I20000000000000000000001 /* FoodFavorite.swift */; };
		I10000000000000000000002 /* ProgressPhoto.swift in Sources */ = {isa = PBXBuildFile; fileRef = I20000000000000000000002 /* ProgressPhoto.swift */; };
		I10000000000000000000003 /* ProgressPhotoTimelineView.swift in Sources */ = {isa = PBXBuildFile; fileRef = I20000000000000000000003 /* ProgressPhotoTimelineView.swift */; };
		I10000000000000000000004 /* PRHistoryView.swift in Sources */ = {isa = PBXBuildFile; fileRef = I20000000000000000000004 /* PRHistoryView.swift */; };
		J10000000000000000000001 /* WatchConnectivityManager.swift in Sources */ = {isa = PBXBuildFile; fileRef = J20000000000000000000001 /* WatchConnectivityManager.swift */; };
		HD1000000000000000000001 /* HealthMetric.swift in Sources */ = {isa = PBXBuildFile; fileRef = HD2000000000000000000001 /* HealthMetric.swift */; };
		HD1000000000000000000002 /* HealthDashboardService.swift in Sources */ = {isa = PBXBuildFile; fileRef = HD2000000000000000000002 /* HealthDashboardService.swift */; };
		HD1000000000000000000003 /* HealthDashboardView.swift in Sources */ = {isa = PBXBuildFile; fileRef = HD2000000000000000000003 /* HealthDashboardView.swift */; };
		J10000000000000000000002 /* WatchSessionManager.swift in Sources */ = {isa = PBXBuildFile; fileRef = J20000000000000000000002 /* WatchSessionManager.swift */; };
/* End PBXBuildFile section */

/* Begin PBXCopyFilesBuildPhase section */
		1A77FEDC08E66DF4A6154783 /* Embed Watch Content */ = {
			isa = PBXCopyFilesBuildPhase;
			buildActionMask = 2147483647;
			dstPath = "$(CONTENTS_FOLDER_PATH)/Watch";
			dstSubfolderSpec = 16;
			files = (
				7836344C2451134116929FF4 /* FitTrack Watch App.app in Embed Watch Content */,
			);
			name = "Embed Watch Content";
			runOnlyForDeploymentPostprocessing = 0;
		};
/* End PBXCopyFilesBuildPhase section */

/* Begin PBXFileReference section */
		386ACDE9B9AE78D3BE830989 /* WatchContentView.swift */ = {isa = PBXFileReference; includeInIndex = 1; lastKnownFileType = sourcecode.swift; path = WatchContentView.swift; sourceTree = "<group>"; };
		3C946087B78751B8870890B4 /* Assets.xcassets */ = {isa = PBXFileReference; includeInIndex = 1; lastKnownFileType = folder.assetcatalog; path = Assets.xcassets; sourceTree = "<group>"; };
		40F0807AFAE78D702353BD1B /* FitTrackWatchApp.swift */ = {isa = PBXFileReference; includeInIndex = 1; lastKnownFileType = sourcecode.swift; path = FitTrackWatchApp.swift; sourceTree = "<group>"; };
		47883AB36CFCAEA904FA873E /* FitTrack Watch App.app */ = {isa = PBXFileReference; explicitFileType = wrapper.application; includeInIndex = 0; path = "FitTrack Watch App.app"; sourceTree = BUILT_PRODUCTS_DIR; };
		82FC10748D15A43C3CCAE52C /* Info.plist */ = {isa = PBXFileReference; includeInIndex = 1; lastKnownFileType = text.plist.xml; path = Info.plist; sourceTree = "<group>"; };
		A20000000000000000000001 /* FitTrackApp.swift */ = {isa = PBXFileReference; lastKnownFileType = sourcecode.swift; path = FitTrackApp.swift; sourceTree = "<group>"; };
		MIGR200000000000000000001 /* FitTrackMigrationPlan.swift */ = {isa = PBXFileReference; lastKnownFileType = sourcecode.swift; path = FitTrackMigrationPlan.swift; sourceTree = "<group>"; };
		PRIV200000000000000000001 /* PrivacyInfo.xcprivacy */ = {isa = PBXFileReference; lastKnownFileType = text.xml; path = PrivacyInfo.xcprivacy; sourceTree = "<group>"; };
		A20000000000000000000002 /* ContentView.swift */ = {isa = PBXFileReference; lastKnownFileType = sourcecode.swift; path = ContentView.swift; sourceTree = "<group>"; };
		A20000000000000000000003 /* DataController.swift */ = {isa = PBXFileReference; lastKnownFileType = sourcecode.swift; path = DataController.swift; sourceTree = "<group>"; };
		A20000000000000000000004 /* DiaryEntry.swift */ = {isa = PBXFileReference; lastKnownFileType = sourcecode.swift; path = DiaryEntry.swift; sourceTree = "<group>"; };
		A20000000000000000000005 /* Exercise.swift */ = {isa = PBXFileReference; lastKnownFileType = sourcecode.swift; path = Exercise.swift; sourceTree = "<group>"; };
		A20000000000000000000006 /* Food.swift */ = {isa = PBXFileReference; lastKnownFileType = sourcecode.swift; path = Food.swift; sourceTree = "<group>"; };
		A20000000000000000000007 /* UserProfile.swift */ = {isa = PBXFileReference; lastKnownFileType = sourcecode.swift; path = UserProfile.swift; sourceTree = "<group>"; };
		A20000000000000000000008 /* Workout.swift */ = {isa = PBXFileReference; lastKnownFileType = sourcecode.swift; path = Workout.swift; sourceTree = "<group>"; };
		A20000000000000000000009 /* WorkoutSet.swift */ = {isa = PBXFileReference; lastKnownFileType = sourcecode.swift; path = WorkoutSet.swift; sourceTree = "<group>"; };
		A2000000000000000000000A /* Extensions.swift */ = {isa = PBXFileReference; lastKnownFileType = sourcecode.swift; path = Extensions.swift; sourceTree = "<group>"; };
		A2000000000000000000000B /* MacroCalculator.swift */ = {isa = PBXFileReference; lastKnownFileType = sourcecode.swift; path = MacroCalculator.swift; sourceTree = "<group>"; };
		A2000000000000000000000C /* SeedData.swift */ = {isa = PBXFileReference; lastKnownFileType = sourcecode.swift; path = SeedData.swift; sourceTree = "<group>"; };
		A2000000000000000000000D /* DashboardViewModel.swift */ = {isa = PBXFileReference; lastKnownFileType = sourcecode.swift; path = DashboardViewModel.swift; sourceTree = "<group>"; };
		A2000000000000000000000E /* DiaryViewModel.swift */ = {isa = PBXFileReference; lastKnownFileType = sourcecode.swift; path = DiaryViewModel.swift; sourceTree = "<group>"; };
		A2000000000000000000000F /* MacrosViewModel.swift */ = {isa = PBXFileReference; lastKnownFileType = sourcecode.swift; path = MacrosViewModel.swift; sourceTree = "<group>"; };
		A20000000000000000000010 /* WorkoutViewModel.swift */ = {isa = PBXFileReference; lastKnownFileType = sourcecode.swift; path = WorkoutViewModel.swift; sourceTree = "<group>"; };
		A20000000000000000000011 /* MacroProgressBar.swift */ = {isa = PBXFileReference; lastKnownFileType = sourcecode.swift; path = MacroProgressBar.swift; sourceTree = "<group>"; };
		A20000000000000000000012 /* MacroRing.swift */ = {isa = PBXFileReference; lastKnownFileType = sourcecode.swift; path = MacroRing.swift; sourceTree = "<group>"; };
		A20000000000000000000013 /* StatCard.swift */ = {isa = PBXFileReference; lastKnownFileType = sourcecode.swift; path = StatCard.swift; sourceTree = "<group>"; };
		A20000000000000000000014 /* DashboardView.swift */ = {isa = PBXFileReference; lastKnownFileType = sourcecode.swift; path = DashboardView.swift; sourceTree = "<group>"; };
		A20000000000000000000015 /* RecentWorkoutsCard.swift */ = {isa = PBXFileReference; lastKnownFileType = sourcecode.swift; path = RecentWorkoutsCard.swift; sourceTree = "<group>"; };
		A20000000000000000000016 /* DiaryView.swift */ = {isa = PBXFileReference; lastKnownFileType = sourcecode.swift; path = DiaryView.swift; sourceTree = "<group>"; };
		A20000000000000000000017 /* FoodSearchView.swift */ = {isa = PBXFileReference; lastKnownFileType = sourcecode.swift; path = FoodSearchView.swift; sourceTree = "<group>"; };
		A20000000000000000000018 /* MealSectionView.swift */ = {isa = PBXFileReference; lastKnownFileType = sourcecode.swift; path = MealSectionView.swift; sourceTree = "<group>"; };
		A20000000000000000000019 /* BodyStatsForm.swift */ = {isa = PBXFileReference; lastKnownFileType = sourcecode.swift; path = BodyStatsForm.swift; sourceTree = "<group>"; };
		A2000000000000000000001A /* GoalSelectorView.swift */ = {isa = PBXFileReference; lastKnownFileType = sourcecode.swift; path = GoalSelectorView.swift; sourceTree = "<group>"; };
		A2000000000000000000001B /* MacroTargetsView.swift */ = {isa = PBXFileReference; lastKnownFileType = sourcecode.swift; path = MacroTargetsView.swift; sourceTree = "<group>"; };
		A2000000000000000000001C /* MacrosView.swift */ = {isa = PBXFileReference; lastKnownFileType = sourcecode.swift; path = MacrosView.swift; sourceTree = "<group>"; };
		A2000000000000000000001D /* ExercisePickerView.swift */ = {isa = PBXFileReference; lastKnownFileType = sourcecode.swift; path = ExercisePickerView.swift; sourceTree = "<group>"; };
		A2000000000000000000001E /* LogWorkoutView.swift */ = {isa = PBXFileReference; lastKnownFileType = sourcecode.swift; path = LogWorkoutView.swift; sourceTree = "<group>"; };
		MWV200000000000000000001 /* ManualWorkoutView.swift */ = {isa = PBXFileReference; lastKnownFileType = sourcecode.swift; path = ManualWorkoutView.swift; sourceTree = "<group>"; };
		A2000000000000000000001F /* ProgressChartView.swift */ = {isa = PBXFileReference; lastKnownFileType = sourcecode.swift; path = ProgressChartView.swift; sourceTree = "<group>"; };
		A20000000000000000000020 /* SetRowView.swift */ = {isa = PBXFileReference; lastKnownFileType = sourcecode.swift; path = SetRowView.swift; sourceTree = "<group>"; };
		A20000000000000000000021 /* WorkoutDetailView.swift */ = {isa = PBXFileReference; lastKnownFileType = sourcecode.swift; path = WorkoutDetailView.swift; sourceTree = "<group>"; };
		A20000000000000000000022 /* WorkoutListView.swift */ = {isa = PBXFileReference; lastKnownFileType = sourcecode.swift; path = WorkoutListView.swift; sourceTree = "<group>"; };
		A20000000000000000000099 /* FitTrack.app */ = {isa = PBXFileReference; explicitFileType = wrapper.application; includeInIndex = 0; path = FitTrack.app; sourceTree = BUILT_PRODUCTS_DIR; };
		A2000000000000000000009A /* Assets.xcassets */ = {isa = PBXFileReference; lastKnownFileType = folder.assetcatalog; path = Assets.xcassets; sourceTree = "<group>"; };
		ALT0000000000000000000001 /* AppIcon-ocean.png */ = {isa = PBXFileReference; lastKnownFileType = image.png; path = "AppIcon-ocean.png"; sourceTree = "<group>"; };
		ALT0000000000000000000011 /* AppIcon-ocean@2x.png */ = {isa = PBXFileReference; lastKnownFileType = image.png; path = "AppIcon-ocean@2x.png"; sourceTree = "<group>"; };
		ALT0000000000000000000021 /* AppIcon-ocean@3x.png */ = {isa = PBXFileReference; lastKnownFileType = image.png; path = "AppIcon-ocean@3x.png"; sourceTree = "<group>"; };
		ALT0000000000000000000031 /* AppIcon-midnight.png */ = {isa = PBXFileReference; lastKnownFileType = image.png; path = "AppIcon-midnight.png"; sourceTree = "<group>"; };
		ALT0000000000000000000041 /* AppIcon-midnight@2x.png */ = {isa = PBXFileReference; lastKnownFileType = image.png; path = "AppIcon-midnight@2x.png"; sourceTree = "<group>"; };
		ALT0000000000000000000051 /* AppIcon-midnight@3x.png */ = {isa = PBXFileReference; lastKnownFileType = image.png; path = "AppIcon-midnight@3x.png"; sourceTree = "<group>"; };
		ALT0000000000000000000061 /* AppIcon-ember.png */ = {isa = PBXFileReference; lastKnownFileType = image.png; path = "AppIcon-ember.png"; sourceTree = "<group>"; };
		ALT0000000000000000000071 /* AppIcon-ember@2x.png */ = {isa = PBXFileReference; lastKnownFileType = image.png; path = "AppIcon-ember@2x.png"; sourceTree = "<group>"; };
		ALT0000000000000000000081 /* AppIcon-ember@3x.png */ = {isa = PBXFileReference; lastKnownFileType = image.png; path = "AppIcon-ember@3x.png"; sourceTree = "<group>"; };
		ALT0000000000000000000091 /* AppIcon-slate.png */ = {isa = PBXFileReference; lastKnownFileType = image.png; path = "AppIcon-slate.png"; sourceTree = "<group>"; };
		ALT0000000000000000000101 /* AppIcon-slate@2x.png */ = {isa = PBXFileReference; lastKnownFileType = image.png; path = "AppIcon-slate@2x.png"; sourceTree = "<group>"; };
		ALT0000000000000000000111 /* AppIcon-slate@3x.png */ = {isa = PBXFileReference; lastKnownFileType = image.png; path = "AppIcon-slate@3x.png"; sourceTree = "<group>"; };
		ALT0000000000000000001001 /* AppIcon-ocean-iPad.png */ = {isa = PBXFileReference; lastKnownFileType = image.png; path = "AppIcon-ocean-iPad.png"; sourceTree = "<group>"; };
		ALT0000000000000000001011 /* AppIcon-ocean-iPad@2x.png */ = {isa = PBXFileReference; lastKnownFileType = image.png; path = "AppIcon-ocean-iPad@2x.png"; sourceTree = "<group>"; };
		ALT0000000000000000001021 /* AppIcon-ocean-iPad-167.png */ = {isa = PBXFileReference; lastKnownFileType = image.png; path = "AppIcon-ocean-iPad-167.png"; sourceTree = "<group>"; };
		ALT0000000000000000001031 /* AppIcon-midnight-iPad.png */ = {isa = PBXFileReference; lastKnownFileType = image.png; path = "AppIcon-midnight-iPad.png"; sourceTree = "<group>"; };
		ALT0000000000000000001041 /* AppIcon-midnight-iPad@2x.png */ = {isa = PBXFileReference; lastKnownFileType = image.png; path = "AppIcon-midnight-iPad@2x.png"; sourceTree = "<group>"; };
		ALT0000000000000000001051 /* AppIcon-midnight-iPad-167.png */ = {isa = PBXFileReference; lastKnownFileType = image.png; path = "AppIcon-midnight-iPad-167.png"; sourceTree = "<group>"; };
		ALT0000000000000000001061 /* AppIcon-ember-iPad.png */ = {isa = PBXFileReference; lastKnownFileType = image.png; path = "AppIcon-ember-iPad.png"; sourceTree = "<group>"; };
		ALT0000000000000000001071 /* AppIcon-ember-iPad@2x.png */ = {isa = PBXFileReference; lastKnownFileType = image.png; path = "AppIcon-ember-iPad@2x.png"; sourceTree = "<group>"; };
		ALT0000000000000000001081 /* AppIcon-ember-iPad-167.png */ = {isa = PBXFileReference; lastKnownFileType = image.png; path = "AppIcon-ember-iPad-167.png"; sourceTree = "<group>"; };
		ALT0000000000000000001091 /* AppIcon-slate-iPad.png */ = {isa = PBXFileReference; lastKnownFileType = image.png; path = "AppIcon-slate-iPad.png"; sourceTree = "<group>"; };
		ALT0000000000000000001101 /* AppIcon-slate-iPad@2x.png */ = {isa = PBXFileReference; lastKnownFileType = image.png; path = "AppIcon-slate-iPad@2x.png"; sourceTree = "<group>"; };
		ALT0000000000000000001111 /* AppIcon-slate-iPad-167.png */ = {isa = PBXFileReference; lastKnownFileType = image.png; path = "AppIcon-slate-iPad-167.png"; sourceTree = "<group>"; };
		AA52A9A6B0240B6859F49AEC /* Foundation.framework */ = {isa = PBXFileReference; lastKnownFileType = wrapper.framework; name = Foundation.framework; path = Platforms/WatchOS.platform/Developer/SDKs/WatchOS11.0.sdk/System/Library/Frameworks/Foundation.framework; sourceTree = DEVELOPER_DIR; };
		B94CAD621080897A232B7230 /* WatchHeartRateService.swift */ = {isa = PBXFileReference; includeInIndex = 1; lastKnownFileType = sourcecode.swift; path = WatchHeartRateService.swift; sourceTree = "<group>"; };
		C20000000000000000000001 /* Habit.swift */ = {isa = PBXFileReference; lastKnownFileType = sourcecode.swift; path = Habit.swift; sourceTree = "<group>"; };
		C20000000000000000000002 /* HabitCompletion.swift */ = {isa = PBXFileReference; lastKnownFileType = sourcecode.swift; path = HabitCompletion.swift; sourceTree = "<group>"; };
		C20000000000000000000003 /* WeightEntry.swift */ = {isa = PBXFileReference; lastKnownFileType = sourcecode.swift; path = WeightEntry.swift; sourceTree = "<group>"; };
		C20000000000000000000004 /* HabitsView.swift */ = {isa = PBXFileReference; lastKnownFileType = sourcecode.swift; path = HabitsView.swift; sourceTree = "<group>"; };
		DD000000000000A1 /* HabitDetailView.swift */ = {isa = PBXFileReference; lastKnownFileType = sourcecode.swift; path = HabitDetailView.swift; sourceTree = "<group>"; };
		C20000000000000000000005 /* WeightTrackingView.swift */ = {isa = PBXFileReference; lastKnownFileType = sourcecode.swift; path = WeightTrackingView.swift; sourceTree = "<group>"; };
		C20000000000000000000006 /* HealthKitManager.swift */ = {isa = PBXFileReference; lastKnownFileType = sourcecode.swift; path = HealthKitManager.swift; sourceTree = "<group>"; };
		D10000000000000000000001 /* FoodAPIService.swift */ = {isa = PBXFileReference; lastKnownFileType = sourcecode.swift; path = FoodAPIService.swift; sourceTree = "<group>"; };
		E20000000000000000000001 /* HeartRateView.swift */ = {isa = PBXFileReference; lastKnownFileType = sourcecode.swift; path = HeartRateView.swift; sourceTree = "<group>"; };
		F20000000000000000000001 /* HeartRateService.swift */ = {isa = PBXFileReference; lastKnownFileType = sourcecode.swift; path = HeartRateService.swift; sourceTree = "<group>"; };
		F20000000000000000000002 /* WorkoutHeartRateCard.swift */ = {isa = PBXFileReference; lastKnownFileType = sourcecode.swift; path = WorkoutHeartRateCard.swift; sourceTree = "<group>"; };
		FFA64365D10993F43A4738C5 /* FitTrack Watch App.app */ = {isa = PBXFileReference; explicitFileType = wrapper.application; includeInIndex = 0; path = "FitTrack Watch App.app"; sourceTree = BUILT_PRODUCTS_DIR; };
		G20000000000000000000001 /* JournalEntry.swift */ = {isa = PBXFileReference; lastKnownFileType = sourcecode.swift; path = JournalEntry.swift; sourceTree = "<group>"; };
		G20000000000000000000002 /* JournalView.swift */ = {isa = PBXFileReference; lastKnownFileType = sourcecode.swift; path = JournalView.swift; sourceTree = "<group>"; };
		G20000000000000000000003 /* SettingsView.swift */ = {isa = PBXFileReference; lastKnownFileType = sourcecode.swift; path = SettingsView.swift; sourceTree = "<group>"; };
		H20000000000000000000001 /* RestTimerView.swift */ = {isa = PBXFileReference; lastKnownFileType = sourcecode.swift; path = RestTimerView.swift; sourceTree = "<group>"; };
		H20000000000000000000002 /* WorkoutTemplate.swift */ = {isa = PBXFileReference; lastKnownFileType = sourcecode.swift; path = WorkoutTemplate.swift; sourceTree = "<group>"; };
		H20000000000000000000003 /* TemplateExercise.swift */ = {isa = PBXFileReference; lastKnownFileType = sourcecode.swift; path = TemplateExercise.swift; sourceTree = "<group>"; };
		H20000000000000000000004 /* TemplateListView.swift */ = {isa = PBXFileReference; lastKnownFileType = sourcecode.swift; path = TemplateListView.swift; sourceTree = "<group>"; };
		H20000000000000000000005 /* SaveTemplateSheet.swift */ = {isa = PBXFileReference; lastKnownFileType = sourcecode.swift; path = SaveTemplateSheet.swift; sourceTree = "<group>"; };
		H20000000000000000000006 /* PRService.swift */ = {isa = PBXFileReference; lastKnownFileType = sourcecode.swift; path = PRService.swift; sourceTree = "<group>"; };
		H20000000000000000000007 /* PRBadgeView.swift */ = {isa = PBXFileReference; lastKnownFileType = sourcecode.swift; path = PRBadgeView.swift; sourceTree = "<group>"; };
		H20000000000000000000008 /* BodyMeasurement.swift */ = {isa = PBXFileReference; lastKnownFileType = sourcecode.swift; path = BodyMeasurement.swift; sourceTree = "<group>"; };
		H20000000000000000000009 /* BodyMeasurementsView.swift */ = {isa = PBXFileReference; lastKnownFileType = sourcecode.swift; path = BodyMeasurementsView.swift; sourceTree = "<group>"; };
		H20000000000000000000010 /* WeeklySummaryView.swift */ = {isa = PBXFileReference; lastKnownFileType = sourcecode.swift; path = WeeklySummaryView.swift; sourceTree = "<group>"; };
		H20000000000000000000011 /* NotificationService.swift */ = {isa = PBXFileReference; lastKnownFileType = sourcecode.swift; path = NotificationService.swift; sourceTree = "<group>"; };
		H20000000000000000000012 /* NotificationSettingsView.swift */ = {isa = PBXFileReference; lastKnownFileType = sourcecode.swift; path = NotificationSettingsView.swift; sourceTree = "<group>"; };
		H20000000000000000000013 /* BarcodeScannerView.swift */ = {isa = PBXFileReference; lastKnownFileType = sourcecode.swift; path = BarcodeScannerView.swift; sourceTree = "<group>"; };
		H20000000000000000000014 /* DataExportService.swift */ = {isa = PBXFileReference; lastKnownFileType = sourcecode.swift; path = DataExportService.swift; sourceTree = "<group>"; };
		H20000000000000000000015 /* DataExportView.swift */ = {isa = PBXFileReference; lastKnownFileType = sourcecode.swift; path = DataExportView.swift; sourceTree = "<group>"; };
		I20000000000000000000001 /* FoodFavorite.swift */ = {isa = PBXFileReference; lastKnownFileType = sourcecode.swift; path = FoodFavorite.swift; sourceTree = "<group>"; };
		I20000000000000000000002 /* ProgressPhoto.swift */ = {isa = PBXFileReference; lastKnownFileType = sourcecode.swift; path = ProgressPhoto.swift; sourceTree = "<group>"; };
		I20000000000000000000003 /* ProgressPhotoTimelineView.swift */ = {isa = PBXFileReference; lastKnownFileType = sourcecode.swift; path = ProgressPhotoTimelineView.swift; sourceTree = "<group>"; };
		I20000000000000000000004 /* PRHistoryView.swift */ = {isa = PBXFileReference; lastKnownFileType = sourcecode.swift; path = PRHistoryView.swift; sourceTree = "<group>"; };
		J20000000000000000000001 /* WatchConnectivityManager.swift */ = {isa = PBXFileReference; lastKnownFileType = sourcecode.swift; path = WatchConnectivityManager.swift; sourceTree = "<group>"; };
		HD2000000000000000000001 /* HealthMetric.swift */ = {isa = PBXFileReference; lastKnownFileType = sourcecode.swift; path = HealthMetric.swift; sourceTree = "<group>"; };
		HD2000000000000000000002 /* HealthDashboardService.swift */ = {isa = PBXFileReference; lastKnownFileType = sourcecode.swift; path = HealthDashboardService.swift; sourceTree = "<group>"; };
		HD2000000000000000000003 /* HealthDashboardView.swift */ = {isa = PBXFileReference; lastKnownFileType = sourcecode.swift; path = HealthDashboardView.swift; sourceTree = "<group>"; };
		J20000000000000000000002 /* WatchSessionManager.swift */ = {isa = PBXFileReference; includeInIndex = 1; lastKnownFileType = sourcecode.swift; path = WatchSessionManager.swift; sourceTree = "<group>"; };
/* End PBXFileReference section */

/* Begin PBXFrameworksBuildPhase section */
		A30000000000000000000001 /* Frameworks */ = {
			isa = PBXFrameworksBuildPhase;
			buildActionMask = 2147483647;
			files = (
			);
			runOnlyForDeploymentPostprocessing = 0;
		};
		EC9D35C8AF5CD68E9A33C5E5 /* Frameworks */ = {
			isa = PBXFrameworksBuildPhase;
			buildActionMask = 2147483647;
			files = (
				1A414DF587780BA6BB19E93E /* Foundation.framework in Frameworks */,
			);
			runOnlyForDeploymentPostprocessing = 0;
		};
/* End PBXFrameworksBuildPhase section */

/* Begin PBXGroup section */
		1A901DF4BE60D64023731C9B /* watchOS */ = {
			isa = PBXGroup;
			children = (
				AA52A9A6B0240B6859F49AEC /* Foundation.framework */,
			);
			name = watchOS;
			sourceTree = "<group>";
		};
		A40000000000000000000001 = {
			isa = PBXGroup;
			children = (
				A40000000000000000000002 /* FitTrack */,
				A40000000000000000000003 /* Products */,
				E800C32A62119D0E5EF23712 /* Frameworks */,
				A705AA0176D6428C5FB2DCFB /* FitTrackWatch */,
			);
			sourceTree = "<group>";
		};
		A40000000000000000000002 /* FitTrack */ = {
			isa = PBXGroup;
			children = (
				A2000000000000000000009A /* Assets.xcassets */,
				ALT0000000000000000000001 /* AppIcon-ocean.png */,
				ALT0000000000000000000011 /* AppIcon-ocean@2x.png */,
				ALT0000000000000000000021 /* AppIcon-ocean@3x.png */,
				ALT0000000000000000000031 /* AppIcon-midnight.png */,
				ALT0000000000000000000041 /* AppIcon-midnight@2x.png */,
				ALT0000000000000000000051 /* AppIcon-midnight@3x.png */,
				ALT0000000000000000000061 /* AppIcon-ember.png */,
				ALT0000000000000000000071 /* AppIcon-ember@2x.png */,
				ALT0000000000000000000081 /* AppIcon-ember@3x.png */,
				ALT0000000000000000000091 /* AppIcon-slate.png */,
				ALT0000000000000000000101 /* AppIcon-slate@2x.png */,
				ALT0000000000000000000111 /* AppIcon-slate@3x.png */,
				ALT0000000000000000001001 /* AppIcon-ocean-iPad.png */,
				ALT0000000000000000001011 /* AppIcon-ocean-iPad@2x.png */,
				ALT0000000000000000001021 /* AppIcon-ocean-iPad-167.png */,
				ALT0000000000000000001031 /* AppIcon-midnight-iPad.png */,
				ALT0000000000000000001041 /* AppIcon-midnight-iPad@2x.png */,
				ALT0000000000000000001051 /* AppIcon-midnight-iPad-167.png */,
				ALT0000000000000000001061 /* AppIcon-ember-iPad.png */,
				ALT0000000000000000001071 /* AppIcon-ember-iPad@2x.png */,
				ALT0000000000000000001081 /* AppIcon-ember-iPad-167.png */,
				ALT0000000000000000001091 /* AppIcon-slate-iPad.png */,
				ALT0000000000000000001101 /* AppIcon-slate-iPad@2x.png */,
				ALT0000000000000000001111 /* AppIcon-slate-iPad-167.png */,
				A20000000000000000000001 /* FitTrackApp.swift */,
				MIGR200000000000000000001 /* FitTrackMigrationPlan.swift */,
				PRIV200000000000000000001 /* PrivacyInfo.xcprivacy */,
				A20000000000000000000002 /* ContentView.swift */,
				A40000000000000000000010 /* Data */,
				A40000000000000000000004 /* Models */,
				A40000000000000000000005 /* Utils */,
				A40000000000000000000006 /* ViewModels */,
				A40000000000000000000007 /* Views */,
			);
			path = FitTrack;
			sourceTree = "<group>";
		};
		A40000000000000000000003 /* Products */ = {
			isa = PBXGroup;
			children = (
				A20000000000000000000099 /* FitTrack.app */,
				47883AB36CFCAEA904FA873E /* FitTrack Watch App.app */,
				FFA64365D10993F43A4738C5 /* FitTrack Watch App.app */,
			);
			name = Products;
			sourceTree = "<group>";
		};
		A40000000000000000000004 /* Models */ = {
			isa = PBXGroup;
			children = (
				H20000000000000000000008 /* BodyMeasurement.swift */,
				A20000000000000000000004 /* DiaryEntry.swift */,
				A20000000000000000000005 /* Exercise.swift */,
				A20000000000000000000006 /* Food.swift */,
				I20000000000000000000001 /* FoodFavorite.swift */,
				C20000000000000000000001 /* Habit.swift */,
				C20000000000000000000002 /* HabitCompletion.swift */,
				G20000000000000000000001 /* JournalEntry.swift */,
				H20000000000000000000003 /* TemplateExercise.swift */,
				A20000000000000000000007 /* UserProfile.swift */,
				C20000000000000000000003 /* WeightEntry.swift */,
				A20000000000000000000008 /* Workout.swift */,
				A20000000000000000000009 /* WorkoutSet.swift */,
				H20000000000000000000002 /* WorkoutTemplate.swift */,
				I20000000000000000000002 /* ProgressPhoto.swift */,
			);
			path = Models;
			sourceTree = "<group>";
		};
		A40000000000000000000005 /* Utils */ = {
			isa = PBXGroup;
			children = (
				H20000000000000000000014 /* DataExportService.swift */,
				A2000000000000000000000A /* Extensions.swift */,
				D10000000000000000000001 /* FoodAPIService.swift */,
				C20000000000000000000006 /* HealthKitManager.swift */,
				HD2000000000000000000001 /* HealthMetric.swift */,
				HD2000000000000000000002 /* HealthDashboardService.swift */,
				F20000000000000000000001 /* HeartRateService.swift */,
				A2000000000000000000000B /* MacroCalculator.swift */,
				H20000000000000000000011 /* NotificationService.swift */,
				H20000000000000000000006 /* PRService.swift */,
				A2000000000000000000000C /* SeedData.swift */,
				J20000000000000000000001 /* WatchConnectivityManager.swift */,
			);
			path = Utils;
			sourceTree = "<group>";
		};
		A40000000000000000000006 /* ViewModels */ = {
			isa = PBXGroup;
			children = (
				A2000000000000000000000D /* DashboardViewModel.swift */,
				A2000000000000000000000E /* DiaryViewModel.swift */,
				A2000000000000000000000F /* MacrosViewModel.swift */,
				A20000000000000000000010 /* WorkoutViewModel.swift */,
			);
			path = ViewModels;
			sourceTree = "<group>";
		};
		A40000000000000000000007 /* Views */ = {
			isa = PBXGroup;
			children = (
				A40000000000000000000008 /* Components */,
				A40000000000000000000009 /* Dashboard */,
				HD4000000000000000000001 /* HealthDashboard */,
				A4000000000000000000000A /* Diary */,
				C4000000000000000000000D /* Habits */,
				E40000000000000000000001 /* HeartRate */,
				G40000000000000000000001 /* Journal */,
				A4000000000000000000000B /* Macros */,
				H40000000000000000000002 /* Measurements */,
				I40000000000000000000001 /* Progress */,
				G40000000000000000000002 /* Settings */,
				C4000000000000000000000E /* Weight */,
				A4000000000000000000000C /* Workout */,
			);
			path = Views;
			sourceTree = "<group>";
		};
		A40000000000000000000008 /* Components */ = {
			isa = PBXGroup;
			children = (
				A20000000000000000000011 /* MacroProgressBar.swift */,
				A20000000000000000000012 /* MacroRing.swift */,
				A20000000000000000000013 /* StatCard.swift */,
			);
			path = Components;
			sourceTree = "<group>";
		};
		A40000000000000000000009 /* Dashboard */ = {
			isa = PBXGroup;
			children = (
				A20000000000000000000014 /* DashboardView.swift */,
				A20000000000000000000015 /* RecentWorkoutsCard.swift */,
				H20000000000000000000010 /* WeeklySummaryView.swift */,
			);
			path = Dashboard;
			sourceTree = "<group>";
		};
		HD4000000000000000000001 /* HealthDashboard */ = {
			isa = PBXGroup;
			children = (
				HD2000000000000000000003 /* HealthDashboardView.swift */,
			);
			path = HealthDashboard;
			sourceTree = "<group>";
		};
		A4000000000000000000000A /* Diary */ = {
			isa = PBXGroup;
			children = (
				H20000000000000000000013 /* BarcodeScannerView.swift */,
				A20000000000000000000016 /* DiaryView.swift */,
				A20000000000000000000017 /* FoodSearchView.swift */,
				A20000000000000000000018 /* MealSectionView.swift */,
			);
			path = Diary;
			sourceTree = "<group>";
		};
		A4000000000000000000000B /* Macros */ = {
			isa = PBXGroup;
			children = (
				A20000000000000000000019 /* BodyStatsForm.swift */,
				A2000000000000000000001A /* GoalSelectorView.swift */,
				A2000000000000000000001B /* MacroTargetsView.swift */,
				A2000000000000000000001C /* MacrosView.swift */,
			);
			path = Macros;
			sourceTree = "<group>";
		};
		A4000000000000000000000C /* Workout */ = {
			isa = PBXGroup;
			children = (
				A2000000000000000000001D /* ExercisePickerView.swift */,
				A2000000000000000000001E /* LogWorkoutView.swift */,
				MWV200000000000000000001 /* ManualWorkoutView.swift */,
				H20000000000000000000007 /* PRBadgeView.swift */,
				I20000000000000000000004 /* PRHistoryView.swift */,
				A2000000000000000000001F /* ProgressChartView.swift */,
				H20000000000000000000001 /* RestTimerView.swift */,
				H20000000000000000000005 /* SaveTemplateSheet.swift */,
				A20000000000000000000020 /* SetRowView.swift */,
				H20000000000000000000004 /* TemplateListView.swift */,
				A20000000000000000000021 /* WorkoutDetailView.swift */,
				F20000000000000000000002 /* WorkoutHeartRateCard.swift */,
				A20000000000000000000022 /* WorkoutListView.swift */,
			);
			path = Workout;
			sourceTree = "<group>";
		};
		A40000000000000000000010 /* Data */ = {
			isa = PBXGroup;
			children = (
				A20000000000000000000003 /* DataController.swift */,
			);
			path = Data;
			sourceTree = "<group>";
		};
		A705AA0176D6428C5FB2DCFB /* FitTrackWatch */ = {
			isa = PBXGroup;
			children = (
				B94CAD621080897A232B7230 /* WatchHeartRateService.swift */,
				386ACDE9B9AE78D3BE830989 /* WatchContentView.swift */,
				40F0807AFAE78D702353BD1B /* FitTrackWatchApp.swift */,
				J20000000000000000000002 /* WatchSessionManager.swift */,
				82FC10748D15A43C3CCAE52C /* Info.plist */,
				3C946087B78751B8870890B4 /* Assets.xcassets */,
			);
			name = FitTrackWatch;
			path = FitTrackWatch;
			sourceTree = "<group>";
		};
		C4000000000000000000000D /* Habits */ = {
			isa = PBXGroup;
			children = (
				DD000000000000A1 /* HabitDetailView.swift */,
				C20000000000000000000004 /* HabitsView.swift */,
			);
			path = Habits;
			sourceTree = "<group>";
		};
		C4000000000000000000000E /* Weight */ = {
			isa = PBXGroup;
			children = (
				C20000000000000000000005 /* WeightTrackingView.swift */,
			);
			path = Weight;
			sourceTree = "<group>";
		};
		E40000000000000000000001 /* HeartRate */ = {
			isa = PBXGroup;
			children = (
				E20000000000000000000001 /* HeartRateView.swift */,
			);
			path = HeartRate;
			sourceTree = "<group>";
		};
		E800C32A62119D0E5EF23712 /* Frameworks */ = {
			isa = PBXGroup;
			children = (
				1A901DF4BE60D64023731C9B /* watchOS */,
			);
			name = Frameworks;
			sourceTree = "<group>";
		};
		G40000000000000000000001 /* Journal */ = {
			isa = PBXGroup;
			children = (
				G20000000000000000000002 /* JournalView.swift */,
			);
			path = Journal;
			sourceTree = "<group>";
		};
		G40000000000000000000002 /* Settings */ = {
			isa = PBXGroup;
			children = (
				H20000000000000000000015 /* DataExportView.swift */,
				H20000000000000000000012 /* NotificationSettingsView.swift */,
				G20000000000000000000003 /* SettingsView.swift */,
			);
			path = Settings;
			sourceTree = "<group>";
		};
		H40000000000000000000002 /* Measurements */ = {
			isa = PBXGroup;
			children = (
				H20000000000000000000009 /* BodyMeasurementsView.swift */,
			);
			path = Measurements;
			sourceTree = "<group>";
		};
		I40000000000000000000001 /* Progress */ = {
			isa = PBXGroup;
			children = (
				I20000000000000000000003 /* ProgressPhotoTimelineView.swift */,
			);
			path = Progress;
			sourceTree = "<group>";
		};
/* End PBXGroup section */

/* Begin PBXNativeTarget section */
		66218F0049E1C4C0691D4595 /* FitTrack Watch App */ = {
			isa = PBXNativeTarget;
			buildConfigurationList = 5F466FCD1CD6EF0D27F1306B /* Build configuration list for PBXNativeTarget "FitTrack Watch App" */;
			buildPhases = (
				07B2E692EE90CEF527D3359C /* Sources */,
				EC9D35C8AF5CD68E9A33C5E5 /* Frameworks */,
				A3EDE5FF137910CAB6D27FC4 /* Resources */,
			);
			buildRules = (
			);
			dependencies = (
			);
			name = "FitTrack Watch App";
			productName = "FitTrack Watch App";
			productReference = FFA64365D10993F43A4738C5 /* FitTrack Watch App.app */;
			productType = "com.apple.product-type.application";
		};
		A50000000000000000000001 /* FitTrack */ = {
			isa = PBXNativeTarget;
			buildConfigurationList = A80000000000000000000002 /* Build configuration list for PBXNativeTarget "FitTrack" */;
			buildPhases = (
				A30000000000000000000002 /* Resources */,
				A60000000000000000000001 /* Sources */,
				A30000000000000000000001 /* Frameworks */,
				1A77FEDC08E66DF4A6154783 /* Embed Watch Content */,
			);
			buildRules = (
			);
			dependencies = (
				7D00D6B651A3305064F1D1DB /* PBXTargetDependency */,
				698DBB7A0F37FD324833930D /* PBXTargetDependency */,
			);
			name = FitTrack;
			productName = FitTrack;
			productReference = A20000000000000000000099 /* FitTrack.app */;
			productType = "com.apple.product-type.application";
		};
/* End PBXNativeTarget section */

/* Begin PBXProject section */
		A70000000000000000000001 /* Project object */ = {
			isa = PBXProject;
			attributes = {
				BuildIndependentTargetsInParallel = 1;
				LastSwiftUpdateCheck = 1500;
				LastUpgradeCheck = 2640;
				TargetAttributes = {
					A50000000000000000000001 = {
						CreatedOnToolsVersion = 15.0;
						SystemCapabilities = {
							"com.apple.iCloud" = {
								enabled = 1;
							};
							"com.apple.Push" = {
								enabled = 1;
							};
						};
					};
				};
			};
			buildConfigurationList = A80000000000000000000001 /* Build configuration list for PBXProject "FitTrack" */;
			compatibilityVersion = "Xcode 14.0";
			developmentRegion = en;
			hasScannedForEncodings = 0;
			knownRegions = (
				en,
				Base,
			);
			mainGroup = A40000000000000000000001;
			productRefGroup = A40000000000000000000003 /* Products */;
			projectDirPath = "";
			projectRoot = "";
			targets = (
				A50000000000000000000001 /* FitTrack */,
				66218F0049E1C4C0691D4595 /* FitTrack Watch App */,
			);
		};
/* End PBXProject section */

/* Begin PBXResourcesBuildPhase section */
		A30000000000000000000002 /* Resources */ = {
			isa = PBXResourcesBuildPhase;
			buildActionMask = 2147483647;
			files = (
				A1000000000000000000009A /* Assets.xcassets in Resources */,
				ALT0000000000000000000002 /* AppIcon-ocean.png in Resources */,
				ALT0000000000000000000012 /* AppIcon-ocean@2x.png in Resources */,
				ALT0000000000000000000022 /* AppIcon-ocean@3x.png in Resources */,
				ALT0000000000000000000032 /* AppIcon-midnight.png in Resources */,
				ALT0000000000000000000042 /* AppIcon-midnight@2x.png in Resources */,
				ALT0000000000000000000052 /* AppIcon-midnight@3x.png in Resources */,
				ALT0000000000000000000062 /* AppIcon-ember.png in Resources */,
				ALT0000000000000000000072 /* AppIcon-ember@2x.png in Resources */,
				ALT0000000000000000000082 /* AppIcon-ember@3x.png in Resources */,
				ALT0000000000000000000092 /* AppIcon-slate.png in Resources */,
				ALT0000000000000000000102 /* AppIcon-slate@2x.png in Resources */,
				ALT0000000000000000000112 /* AppIcon-slate@3x.png in Resources */,
				ALT0000000000000000001002 /* AppIcon-ocean-iPad.png in Resources */,
				ALT0000000000000000001012 /* AppIcon-ocean-iPad@2x.png in Resources */,
				ALT0000000000000000001022 /* AppIcon-ocean-iPad-167.png in Resources */,
				ALT0000000000000000001032 /* AppIcon-midnight-iPad.png in Resources */,
				ALT0000000000000000001042 /* AppIcon-midnight-iPad@2x.png in Resources */,
				ALT0000000000000000001052 /* AppIcon-midnight-iPad-167.png in Resources */,
				ALT0000000000000000001062 /* AppIcon-ember-iPad.png in Resources */,
				ALT0000000000000000001072 /* AppIcon-ember-iPad@2x.png in Resources */,
				ALT0000000000000000001082 /* AppIcon-ember-iPad-167.png in Resources */,
				ALT0000000000000000001092 /* AppIcon-slate-iPad.png in Resources */,
				ALT0000000000000000001102 /* AppIcon-slate-iPad@2x.png in Resources */,
				ALT0000000000000000001112 /* AppIcon-slate-iPad-167.png in Resources */,
				PRIV100000000000000000001 /* PrivacyInfo.xcprivacy in Resources */,
			);
			runOnlyForDeploymentPostprocessing = 0;
		};
		A3EDE5FF137910CAB6D27FC4 /* Resources */ = {
			isa = PBXResourcesBuildPhase;
			buildActionMask = 2147483647;
			files = (
				69B448E53E2E01493B6767E7 /* Assets.xcassets in Resources */,
			);
			runOnlyForDeploymentPostprocessing = 0;
		};
/* End PBXResourcesBuildPhase section */

/* Begin PBXSourcesBuildPhase section */
		07B2E692EE90CEF527D3359C /* Sources */ = {
			isa = PBXSourcesBuildPhase;
			buildActionMask = 2147483647;
			files = (
				5E496BA42E9AB4B2ECD88484 /* WatchHeartRateService.swift in Sources */,
				B267CBA7DAFCBFFA4641AFB5 /* WatchContentView.swift in Sources */,
				3DA3E8459EE68339AF3F2A63 /* FitTrackWatchApp.swift in Sources */,
				J10000000000000000000002 /* WatchSessionManager.swift in Sources */,
			);
			runOnlyForDeploymentPostprocessing = 0;
		};
		A60000000000000000000001 /* Sources */ = {
			isa = PBXSourcesBuildPhase;
			buildActionMask = 2147483647;
			files = (
				D00000000000000000000001 /* FoodAPIService.swift in Sources */,
				A10000000000000000000001 /* FitTrackApp.swift in Sources */,
				MIGR100000000000000000001 /* FitTrackMigrationPlan.swift in Sources */,
				A10000000000000000000002 /* ContentView.swift in Sources */,
				A10000000000000000000003 /* DataController.swift in Sources */,
				A10000000000000000000004 /* DiaryEntry.swift in Sources */,
				A10000000000000000000005 /* Exercise.swift in Sources */,
				A10000000000000000000006 /* Food.swift in Sources */,
				A10000000000000000000007 /* UserProfile.swift in Sources */,
				A10000000000000000000008 /* Workout.swift in Sources */,
				A10000000000000000000009 /* WorkoutSet.swift in Sources */,
				A1000000000000000000000A /* Extensions.swift in Sources */,
				A1000000000000000000000B /* MacroCalculator.swift in Sources */,
				A1000000000000000000000C /* SeedData.swift in Sources */,
				A1000000000000000000000D /* DashboardViewModel.swift in Sources */,
				A1000000000000000000000E /* DiaryViewModel.swift in Sources */,
				A1000000000000000000000F /* MacrosViewModel.swift in Sources */,
				A10000000000000000000010 /* WorkoutViewModel.swift in Sources */,
				A10000000000000000000011 /* MacroProgressBar.swift in Sources */,
				A10000000000000000000012 /* MacroRing.swift in Sources */,
				A10000000000000000000013 /* StatCard.swift in Sources */,
				A10000000000000000000014 /* DashboardView.swift in Sources */,
				A10000000000000000000015 /* RecentWorkoutsCard.swift in Sources */,
				A10000000000000000000016 /* DiaryView.swift in Sources */,
				A10000000000000000000017 /* FoodSearchView.swift in Sources */,
				A10000000000000000000018 /* MealSectionView.swift in Sources */,
				A10000000000000000000019 /* BodyStatsForm.swift in Sources */,
				A1000000000000000000001A /* GoalSelectorView.swift in Sources */,
				A1000000000000000000001B /* MacroTargetsView.swift in Sources */,
				A1000000000000000000001C /* MacrosView.swift in Sources */,
				A1000000000000000000001D /* ExercisePickerView.swift in Sources */,
				A1000000000000000000001E /* LogWorkoutView.swift in Sources */,
				MWV100000000000000000001 /* ManualWorkoutView.swift in Sources */,
				A1000000000000000000001F /* ProgressChartView.swift in Sources */,
				A10000000000000000000020 /* SetRowView.swift in Sources */,
				A10000000000000000000021 /* WorkoutDetailView.swift in Sources */,
				A10000000000000000000022 /* WorkoutListView.swift in Sources */,
				C10000000000000000000001 /* Habit.swift in Sources */,
				C10000000000000000000002 /* HabitCompletion.swift in Sources */,
				C10000000000000000000003 /* WeightEntry.swift in Sources */,
				C10000000000000000000004 /* HabitsView.swift in Sources */,
				DD000000000000A2 /* HabitDetailView.swift in Sources */,
				C10000000000000000000005 /* WeightTrackingView.swift in Sources */,
				C10000000000000000000006 /* HealthKitManager.swift in Sources */,
				E10000000000000000000001 /* HeartRateView.swift in Sources */,
				F10000000000000000000001 /* HeartRateService.swift in Sources */,
				F10000000000000000000002 /* WorkoutHeartRateCard.swift in Sources */,
				G10000000000000000000001 /* JournalEntry.swift in Sources */,
				G10000000000000000000002 /* JournalView.swift in Sources */,
				G10000000000000000000003 /* SettingsView.swift in Sources */,
				H10000000000000000000001 /* RestTimerView.swift in Sources */,
				H10000000000000000000002 /* WorkoutTemplate.swift in Sources */,
				H10000000000000000000003 /* TemplateExercise.swift in Sources */,
				H10000000000000000000004 /* TemplateListView.swift in Sources */,
				H10000000000000000000005 /* SaveTemplateSheet.swift in Sources */,
				H10000000000000000000006 /* PRService.swift in Sources */,
				H10000000000000000000007 /* PRBadgeView.swift in Sources */,
				H10000000000000000000008 /* BodyMeasurement.swift in Sources */,
				H10000000000000000000009 /* BodyMeasurementsView.swift in Sources */,
				H10000000000000000000010 /* WeeklySummaryView.swift in Sources */,
				H10000000000000000000011 /* NotificationService.swift in Sources */,
				H10000000000000000000012 /* NotificationSettingsView.swift in Sources */,
				H10000000000000000000013 /* BarcodeScannerView.swift in Sources */,
				H10000000000000000000014 /* DataExportService.swift in Sources */,
				H10000000000000000000015 /* DataExportView.swift in Sources */,
				I10000000000000000000001 /* FoodFavorite.swift in Sources */,
				I10000000000000000000002 /* ProgressPhoto.swift in Sources */,
				I10000000000000000000003 /* ProgressPhotoTimelineView.swift in Sources */,
				I10000000000000000000004 /* PRHistoryView.swift in Sources */,
				J10000000000000000000001 /* WatchConnectivityManager.swift in Sources */,
				HD1000000000000000000001 /* HealthMetric.swift in Sources */,
				HD1000000000000000000002 /* HealthDashboardService.swift in Sources */,
				HD1000000000000000000003 /* HealthDashboardView.swift in Sources */,
			);
			runOnlyForDeploymentPostprocessing = 0;
		};
/* End PBXSourcesBuildPhase section */

/* Begin PBXTargetDependency section */
		698DBB7A0F37FD324833930D /* PBXTargetDependency */ = {
			isa = PBXTargetDependency;
			target = 66218F0049E1C4C0691D4595 /* FitTrack Watch App */;
		};
		7D00D6B651A3305064F1D1DB /* PBXTargetDependency */ = {
			isa = PBXTargetDependency;
		};
/* End PBXTargetDependency section */

/* Begin XCBuildConfiguration section */
		1A33E3A639E3B930742166BC /* Debug */ = {
			isa = XCBuildConfiguration;
			buildSettings = {
				ALWAYS_EMBED_SWIFT_STANDARD_LIBRARIES = YES;
				ASSETCATALOG_COMPILER_APPICON_NAME = AppIcon;
				ASSETCATALOG_COMPILER_GLOBAL_ACCENT_COLOR_NAME = AccentColor;
				CODE_SIGN_ENTITLEMENTS = FitTrackWatch/FitTrackWatch.entitlements;
				CODE_SIGN_STYLE = Automatic;
				CURRENT_PROJECT_VERSION = 26;
				DEVELOPMENT_TEAM = 95BHKMD86H;
				ENABLE_BITCODE = NO;
				INFOPLIST_FILE = FitTrackWatch/Info.plist;
				INSTALL_PATH = "";
				IPHONEOS_DEPLOYMENT_TARGET = "";
				LD_RUNPATH_SEARCH_PATHS = (
					"$(inherited)",
					"@executable_path/Frameworks",
				);
				MARKETING_VERSION = 1.0;
				PRODUCT_BUNDLE_IDENTIFIER = com.danieldavis16.fittrack.watchkitapp;
				PRODUCT_NAME = "FitTrack Watch App";
				SDKROOT = watchos;
				SKIP_INSTALL = YES;
				SUPPORTED_PLATFORMS = "watchos watchsimulator";
				SUPPORTS_MACCATALYST = NO;
				SWIFT_VERSION = 5.0;
				TARGETED_DEVICE_FAMILY = 4;
				WATCHOS_DEPLOYMENT_TARGET = 8.0;
			};
			name = Debug;
		};
		99C911580CCABFBC13A2F1D2 /* Release */ = {
			isa = XCBuildConfiguration;
			buildSettings = {
				ALWAYS_EMBED_SWIFT_STANDARD_LIBRARIES = YES;
				ASSETCATALOG_COMPILER_APPICON_NAME = AppIcon;
				ASSETCATALOG_COMPILER_GLOBAL_ACCENT_COLOR_NAME = AccentColor;
				CODE_SIGN_ENTITLEMENTS = FitTrackWatch/FitTrackWatch.entitlements;
				CODE_SIGN_STYLE = Automatic;
				CURRENT_PROJECT_VERSION = 26;
				DEVELOPMENT_TEAM = 95BHKMD86H;
				ENABLE_BITCODE = NO;
				INFOPLIST_FILE = FitTrackWatch/Info.plist;
				INSTALL_PATH = "";
				IPHONEOS_DEPLOYMENT_TARGET = "";
				LD_RUNPATH_SEARCH_PATHS = (
					"$(inherited)",
					"@executable_path/Frameworks",
				);
				MARKETING_VERSION = 1.0;
				PRODUCT_BUNDLE_IDENTIFIER = com.danieldavis16.fittrack.watchkitapp;
				PRODUCT_NAME = "FitTrack Watch App";
				SDKROOT = watchos;
				SKIP_INSTALL = YES;
				SUPPORTED_PLATFORMS = "watchos watchsimulator";
				SUPPORTS_MACCATALYST = NO;
				SWIFT_VERSION = 5.0;
				TARGETED_DEVICE_FAMILY = 4;
				VALIDATE_PRODUCT = YES;
				WATCHOS_DEPLOYMENT_TARGET = 8.0;
			};
			name = Release;
		};
		B10000000000000000000001 /* Debug */ = {
			isa = XCBuildConfiguration;
			buildSettings = {
				ALWAYS_SEARCH_USER_PATHS = NO;
				ASSETCATALOG_COMPILER_GENERATE_SWIFT_ASSET_SYMBOL_EXTENSIONS = YES;
				CLANG_ANALYZER_NONNULL = YES;
				CLANG_ANALYZER_NUMBER_OBJECT_CONVERSION = YES_AGGRESSIVE;
				CLANG_CXX_LANGUAGE_STANDARD = "gnu++20";
				CLANG_ENABLE_MODULES = YES;
				CLANG_ENABLE_OBJC_ARC = YES;
				CLANG_ENABLE_OBJC_WEAK = YES;
				CLANG_WARN_BLOCK_CAPTURE_AUTORELEASING = YES;
				CLANG_WARN_BOOL_CONVERSION = YES;
				CLANG_WARN_COMMA = YES;
				CLANG_WARN_CONSTANT_CONVERSION = YES;
				CLANG_WARN_DEPRECATED_OBJC_IMPLEMENTATIONS = YES;
				CLANG_WARN_DIRECT_OBJC_ISA_USAGE = YES_ERROR;
				CLANG_WARN_DOCUMENTATION_COMMENTS = YES;
				CLANG_WARN_EMPTY_BODY = YES;
				CLANG_WARN_ENUM_CONVERSION = YES;
				CLANG_WARN_INFINITE_RECURSION = YES;
				CLANG_WARN_INT_CONVERSION = YES;
				CLANG_WARN_NON_LITERAL_NULL_CONVERSION = YES;
				CLANG_WARN_OBJC_IMPLICIT_RETAIN_SELF = YES;
				CLANG_WARN_OBJC_LITERAL_CONVERSION = YES;
				CLANG_WARN_OBJC_ROOT_CLASS = YES_ERROR;
				CLANG_WARN_QUOTED_INCLUDE_IN_FRAMEWORK_HEADER = YES;
				CLANG_WARN_RANGE_LOOP_ANALYSIS = YES;
				CLANG_WARN_STRICT_PROTOTYPES = YES;
				CLANG_WARN_SUSPICIOUS_MOVE = YES;
				CLANG_WARN_UNGUARDED_AVAILABILITY = YES_AGGRESSIVE;
				CLANG_WARN_UNREACHABLE_CODE = YES;
				CLANG_WARN__DUPLICATE_METHOD_MATCH = YES;
				COPY_PHASE_STRIP = NO;
				DEBUG_INFORMATION_FORMAT = dwarf;
				DEVELOPMENT_TEAM = 95BHKMD86H;
				ENABLE_STRICT_OBJC_MSGSEND = YES;
				ENABLE_TESTABILITY = YES;
				ENABLE_USER_SCRIPT_SANDBOXING = YES;
				GCC_C_LANGUAGE_STANDARD = gnu17;
				GCC_DYNAMIC_NO_PIC = NO;
				GCC_NO_COMMON_BLOCKS = YES;
				GCC_OPTIMIZATION_LEVEL = 0;
				GCC_PREPROCESSOR_DEFINITIONS = (
					"DEBUG=1",
					"$(inherited)",
				);
				GCC_WARN_64_TO_32_BIT_CONVERSION = YES;
				GCC_WARN_ABOUT_RETURN_TYPE = YES_ERROR;
				GCC_WARN_UNDECLARED_SELECTOR = YES;
				GCC_WARN_UNINITIALIZED_AUTOS = YES_AGGRESSIVE;
				GCC_WARN_UNUSED_FUNCTION = YES;
				GCC_WARN_UNUSED_VARIABLE = YES;
				IPHONEOS_DEPLOYMENT_TARGET = 17.0;
				LOCALIZATION_PREFERS_STRING_CATALOGS = YES;
				MTL_ENABLE_DEBUG_INFO = INCLUDE_SOURCE;
				MTL_FAST_MATH = YES;
				ONLY_ACTIVE_ARCH = YES;
				SDKROOT = iphoneos;
				STRING_CATALOG_GENERATE_SYMBOLS = YES;
				SWIFT_ACTIVE_COMPILATION_CONDITIONS = "DEBUG $(inherited)";
				SWIFT_OPTIMIZATION_LEVEL = "-Onone";
			};
			name = Debug;
		};
		B10000000000000000000002 /* Release */ = {
			isa = XCBuildConfiguration;
			buildSettings = {
				ALWAYS_SEARCH_USER_PATHS = NO;
				ASSETCATALOG_COMPILER_GENERATE_SWIFT_ASSET_SYMBOL_EXTENSIONS = YES;
				CLANG_ANALYZER_NONNULL = YES;
				CLANG_ANALYZER_NUMBER_OBJECT_CONVERSION = YES_AGGRESSIVE;
				CLANG_CXX_LANGUAGE_STANDARD = "gnu++20";
				CLANG_ENABLE_MODULES = YES;
				CLANG_ENABLE_OBJC_ARC = YES;
				CLANG_ENABLE_OBJC_WEAK = YES;
				CLANG_WARN_BLOCK_CAPTURE_AUTORELEASING = YES;
				CLANG_WARN_BOOL_CONVERSION = YES;
				CLANG_WARN_COMMA = YES;
				CLANG_WARN_CONSTANT_CONVERSION = YES;
				CLANG_WARN_DEPRECATED_OBJC_IMPLEMENTATIONS = YES;
				CLANG_WARN_DIRECT_OBJC_ISA_USAGE = YES_ERROR;
				CLANG_WARN_DOCUMENTATION_COMMENTS = YES;
				CLANG_WARN_EMPTY_BODY = YES;
				CLANG_WARN_ENUM_CONVERSION = YES;
				CLANG_WARN_INFINITE_RECURSION = YES;
				CLANG_WARN_INT_CONVERSION = YES;
				CLANG_WARN_NON_LITERAL_NULL_CONVERSION = YES;
				CLANG_WARN_OBJC_IMPLICIT_RETAIN_SELF = YES;
				CLANG_WARN_OBJC_LITERAL_CONVERSION = YES;
				CLANG_WARN_OBJC_ROOT_CLASS = YES_ERROR;
				CLANG_WARN_QUOTED_INCLUDE_IN_FRAMEWORK_HEADER = YES;
				CLANG_WARN_RANGE_LOOP_ANALYSIS = YES;
				CLANG_WARN_STRICT_PROTOTYPES = YES;
				CLANG_WARN_SUSPICIOUS_MOVE = YES;
				CLANG_WARN_UNGUARDED_AVAILABILITY = YES_AGGRESSIVE;
				CLANG_WARN_UNREACHABLE_CODE = YES;
				CLANG_WARN__DUPLICATE_METHOD_MATCH = YES;
				COPY_PHASE_STRIP = NO;
				DEBUG_INFORMATION_FORMAT = "dwarf-with-dsym";
				DEVELOPMENT_TEAM = 95BHKMD86H;
				ENABLE_NS_ASSERTIONS = NO;
				ENABLE_STRICT_OBJC_MSGSEND = YES;
				ENABLE_USER_SCRIPT_SANDBOXING = YES;
				GCC_C_LANGUAGE_STANDARD = gnu17;
				GCC_NO_COMMON_BLOCKS = YES;
				GCC_WARN_64_TO_32_BIT_CONVERSION = YES;
				GCC_WARN_ABOUT_RETURN_TYPE = YES_ERROR;
				GCC_WARN_UNDECLARED_SELECTOR = YES;
				GCC_WARN_UNINITIALIZED_AUTOS = YES_AGGRESSIVE;
				GCC_WARN_UNUSED_FUNCTION = YES;
				GCC_WARN_UNUSED_VARIABLE = YES;
				IPHONEOS_DEPLOYMENT_TARGET = 17.0;
				LOCALIZATION_PREFERS_STRING_CATALOGS = YES;
				MTL_ENABLE_DEBUG_INFO = NO;
				MTL_FAST_MATH = YES;
				SDKROOT = iphoneos;
				STRING_CATALOG_GENERATE_SYMBOLS = YES;
				SWIFT_COMPILATION_MODE = wholemodule;
				VALIDATE_PRODUCT = YES;
			};
			name = Release;
		};
		B10000000000000000000003 /* Debug */ = {
			isa = XCBuildConfiguration;
			buildSettings = {
				ASSETCATALOG_COMPILER_APPICON_NAME = AppIcon;
				ASSETCATALOG_COMPILER_GLOBAL_ACCENT_COLOR_NAME = AccentColor;
				CODE_SIGN_ALLOW_ENTITLEMENTS_MODIFICATION = YES;
				CODE_SIGN_ENTITLEMENTS = FitTrack/FitTrack.entitlements;
				CODE_SIGN_IDENTITY = "Apple Development";
				CODE_SIGN_STYLE = Automatic;
				CURRENT_PROJECT_VERSION = 26;
				ENABLE_PREVIEWS = YES;
				GENERATE_INFOPLIST_FILE = NO;
				INFOPLIST_FILE = FitTrack/Info.plist;
				IPHONEOS_DEPLOYMENT_TARGET = 17.0;
				LD_RUNPATH_SEARCH_PATHS = (
					"$(inherited)",
					"@executable_path/Frameworks",
				);
				MARKETING_VERSION = 1.0;
				PRODUCT_BUNDLE_IDENTIFIER = com.danieldavis16.fittrack;
				PRODUCT_NAME = "$(TARGET_NAME)";
				SUPPORTED_PLATFORMS = "iphoneos iphonesimulator";
				SUPPORTS_MACCATALYST = NO;
				SWIFT_EMIT_LOC_STRINGS = YES;
				SWIFT_VERSION = 5.0;
				TARGETED_DEVICE_FAMILY = "1,2";
			};
			name = Debug;
		};
		B10000000000000000000004 /* Release */ = {
			isa = XCBuildConfiguration;
			buildSettings = {
				ASSETCATALOG_COMPILER_APPICON_NAME = AppIcon;
				ASSETCATALOG_COMPILER_GLOBAL_ACCENT_COLOR_NAME = AccentColor;
				CODE_SIGN_ALLOW_ENTITLEMENTS_MODIFICATION = YES;
				CODE_SIGN_ENTITLEMENTS = FitTrack/FitTrack.entitlements;
				CODE_SIGN_IDENTITY = "Apple Development";
				CODE_SIGN_STYLE = Automatic;
				CURRENT_PROJECT_VERSION = 26;
				ENABLE_PREVIEWS = YES;
				GENERATE_INFOPLIST_FILE = NO;
				INFOPLIST_FILE = FitTrack/Info.plist;
				IPHONEOS_DEPLOYMENT_TARGET = 17.0;
				LD_RUNPATH_SEARCH_PATHS = (
					"$(inherited)",
					"@executable_path/Frameworks",
				);
				MARKETING_VERSION = 1.0;
				PRODUCT_BUNDLE_IDENTIFIER = com.danieldavis16.fittrack;
				PRODUCT_NAME = "$(TARGET_NAME)";
				SUPPORTED_PLATFORMS = "iphoneos iphonesimulator";
				SUPPORTS_MACCATALYST = NO;
				SWIFT_EMIT_LOC_STRINGS = YES;
				SWIFT_VERSION = 5.0;
				TARGETED_DEVICE_FAMILY = "1,2";
			};
			name = Release;
		};
/* End XCBuildConfiguration section */

/* Begin XCConfigurationList section */
		5F466FCD1CD6EF0D27F1306B /* Build configuration list for PBXNativeTarget "FitTrack Watch App" */ = {
			isa = XCConfigurationList;
			buildConfigurations = (
				99C911580CCABFBC13A2F1D2 /* Release */,
				1A33E3A639E3B930742166BC /* Debug */,
			);
			defaultConfigurationIsVisible = 0;
			defaultConfigurationName = Release;
		};
		A80000000000000000000001 /* Build configuration list for PBXProject "FitTrack" */ = {
			isa = XCConfigurationList;
			buildConfigurations = (
				B10000000000000000000001 /* Debug */,
				B10000000000000000000002 /* Release */,
			);
			defaultConfigurationIsVisible = 0;
			defaultConfigurationName = Release;
		};
		A80000000000000000000002 /* Build configuration list for PBXNativeTarget "FitTrack" */ = {
			isa = XCConfigurationList;
			buildConfigurations = (
				B10000000000000000000003 /* Debug */,
				B10000000000000000000004 /* Release */,
			);
			defaultConfigurationIsVisible = 0;
			defaultConfigurationName = Release;
		};
/* End XCConfigurationList section */
	};
	rootObject = A70000000000000000000001 /* Project object */;
}
